// !$*UTF8*$!
{
	archiveVersion = 1;
	classes = {
	};
	objectVersion = 55;
	objects = {

/* Begin PBXBuildFile section */
		C2A81DB82826383700A8E7CD /* CheckPermission.swift in Sources */ = {isa = PBXBuildFile; fileRef = C2A81DB72826383700A8E7CD /* CheckPermission.swift */; };
		C2ABCCC6282629F600227E8E /* AppDelegate.swift in Sources */ = {isa = PBXBuildFile; fileRef = C2ABCCC5282629F600227E8E /* AppDelegate.swift */; };
		C2ABCCC8282629F600227E8E /* SceneDelegate.swift in Sources */ = {isa = PBXBuildFile; fileRef = C2ABCCC7282629F600227E8E /* SceneDelegate.swift */; };
		C2ABCCCA282629F600227E8E /* ViewController.swift in Sources */ = {isa = PBXBuildFile; fileRef = C2ABCCC9282629F600227E8E /* ViewController.swift */; };
		C2ABCCCD282629F600227E8E /* Main.storyboard in Resources */ = {isa = PBXBuildFile; fileRef = C2ABCCCB282629F600227E8E /* Main.storyboard */; };
		C2ABCCCF282629F600227E8E /* Assets.xcassets in Resources */ = {isa = PBXBuildFile; fileRef = C2ABCCCE282629F600227E8E /* Assets.xcassets */; };
		C2ABCCD2282629F600227E8E /* LaunchScreen.storyboard in Resources */ = {isa = PBXBuildFile; fileRef = C2ABCCD0282629F600227E8E /* LaunchScreen.storyboard */; };
/* End PBXBuildFile section */

/* Begin PBXFileReference section */
		C2A81DB72826383700A8E7CD /* CheckPermission.swift */ = {isa = PBXFileReference; lastKnownFileType = sourcecode.swift; path = CheckPermission.swift; sourceTree = "<group>"; };
		C2ABCCC2282629F600227E8E /* Test1.app */ = {isa = PBXFileReference; explicitFileType = wrapper.application; includeInIndex = 0; path = Test1.app; sourceTree = BUILT_PRODUCTS_DIR; };
		C2ABCCC5282629F600227E8E /* AppDelegate.swift */ = {isa = PBXFileReference; lastKnownFileType = sourcecode.swift; path = AppDelegate.swift; sourceTree = "<group>"; };
		C2ABCCC7282629F600227E8E /* SceneDelegate.swift */ = {isa = PBXFileReference; lastKnownFileType = sourcecode.swift; path = SceneDelegate.swift; sourceTree = "<group>"; };
		C2ABCCC9282629F600227E8E /* ViewController.swift */ = {isa = PBXFileReference; lastKnownFileType = sourcecode.swift; path = ViewController.swift; sourceTree = "<group>"; };
		C2ABCCCC282629F600227E8E /* Base */ = {isa = PBXFileReference; lastKnownFileType = file.storyboard; name = Base; path = Base.lproj/Main.storyboard; sourceTree = "<group>"; };
		C2ABCCCE282629F600227E8E /* Assets.xcassets */ = {isa = PBXFileReference; lastKnownFileType = folder.assetcatalog; path = Assets.xcassets; sourceTree = "<group>"; };
		C2ABCCD1282629F600227E8E /* Base */ = {isa = PBXFileReference; lastKnownFileType = file.storyboard; name = Base; path = Base.lproj/LaunchScreen.storyboard; sourceTree = "<group>"; };
		C2ABCCD3282629F600227E8E /* Info.plist */ = {isa = PBXFileReference; lastKnownFileType = text.plist.xml; path = Info.plist; sourceTree = "<group>"; };
/* End PBXFileReference section */

/* Begin PBXFrameworksBuildPhase section */
		C2ABCCBF282629F600227E8E /* Frameworks */ = {
			isa = PBXFrameworksBuildPhase;
			buildActionMask = 2147483647;
			files = (
			);
			runOnlyForDeploymentPostprocessing = 0;
		};
/* End PBXFrameworksBuildPhase section */

/* Begin PBXGroup section */
		C2ABCCB9282629F600227E8E = {
			isa = PBXGroup;
			children = (
				C2ABCCC4282629F600227E8E /* Test1 */,
				C2ABCCC3282629F600227E8E /* Products */,
			);
			sourceTree = "<group>";
		};
		C2ABCCC3282629F600227E8E /* Products */ = {
			isa = PBXGroup;
			children = (
				C2ABCCC2282629F600227E8E /* Test1.app */,
			);
			name = Products;
			sourceTree = "<group>";
		};
		C2ABCCC4282629F600227E8E /* Test1 */ = {
			isa = PBXGroup;
			children = (
				C2ABCCC5282629F600227E8E /* AppDelegate.swift */,
				C2ABCCC7282629F600227E8E /* SceneDelegate.swift */,
				C2ABCCC9282629F600227E8E /* ViewController.swift */,
				C2A81DB72826383700A8E7CD /* CheckPermission.swift */,
				C2ABCCCB282629F600227E8E /* Main.storyboard */,
				C2ABCCCE282629F600227E8E /* Assets.xcassets */,
				C2ABCCD0282629F600227E8E /* LaunchScreen.storyboard */,
				C2ABCCD3282629F600227E8E /* Info.plist */,
			);
			path = Test1;
			sourceTree = "<group>";
		};
/* End PBXGroup section */

/* Begin PBXNativeTarget section */
		C2ABCCC1282629F600227E8E /* Test1 */ = {
			isa = PBXNativeTarget;
			buildConfigurationList = C2ABCCD6282629F600227E8E /* Build configuration list for PBXNativeTarget "Test1" */;
			buildPhases = (
				C2ABCCBE282629F600227E8E /* Sources */,
				C2ABCCBF282629F600227E8E /* Frameworks */,
				C2ABCCC0282629F600227E8E /* Resources */,
			);
			buildRules = (
			);
			dependencies = (
			);
			name = Test1;
			productName = Test1;
			productReference = C2ABCCC2282629F600227E8E /* Test1.app */;
			productType = "com.apple.product-type.application";
		};
/* End PBXNativeTarget section */

/* Begin PBXProject section */
		C2ABCCBA282629F600227E8E /* Project object */ = {
			isa = PBXProject;
			attributes = {
				BuildIndependentTargetsInParallel = 1;
				LastSwiftUpdateCheck = 1330;
				LastUpgradeCheck = 1330;
				TargetAttributes = {
					C2ABCCC1282629F600227E8E = {
						CreatedOnToolsVersion = 13.3.1;
					};
				};
			};
			buildConfigurationList = C2ABCCBD282629F600227E8E /* Build configuration list for PBXProject "Test1" */;
			compatibilityVersion = "Xcode 13.0";
			developmentRegion = en;
			hasScannedForEncodings = 0;
			knownRegions = (
				en,
				Base,
			);
			mainGroup = C2ABCCB9282629F600227E8E;
			productRefGroup = C2ABCCC3282629F600227E8E /* Products */;
			projectDirPath = "";
			projectRoot = "";
			targets = (
				C2ABCCC1282629F600227E8E /* Test1 */,
			);
		};
/* End PBXProject section */

/* Begin PBXResourcesBuildPhase section */
		C2ABCCC0282629F600227E8E /* Resources */ = {
			isa = PBXResourcesBuildPhase;
			buildActionMask = 2147483647;
			files = (
				C2ABCCD2282629F600227E8E /* LaunchScreen.storyboard in Resources */,
				C2ABCCCF282629F600227E8E /* Assets.xcassets in Resources */,
				C2ABCCCD282629F600227E8E /* Main.storyboard in Resources */,
			);
			runOnlyForDeploymentPostprocessing = 0;
		};
/* End PBXResourcesBuildPhase section */

/* Begin PBXSourcesBuildPhase section */
		C2ABCCBE282629F600227E8E /* Sources */ = {
			isa = PBXSourcesBuildPhase;
			buildActionMask = 2147483647;
			files = (
				C2ABCCCA282629F600227E8E /* ViewController.swift in Sources */,
				C2ABCCC6282629F600227E8E /* AppDelegate.swift in Sources */,
				C2ABCCC8282629F600227E8E /* SceneDelegate.swift in Sources */,
				C2A81DB82826383700A8E7CD /* CheckPermission.swift in Sources */,
			);
			runOnlyForDeploymentPostprocessing = 0;
		};
/* End PBXSourcesBuildPhase section */

/* Begin PBXVariantGroup section */
		C2ABCCCB282629F600227E8E /* Main.storyboard */ = {
			isa = PBXVariantGroup;
			children = (
				C2ABCCCC282629F600227E8E /* Base */,
			);
			name = Main.storyboard;
			sourceTree = "<group>";
		};
		C2ABCCD0282629F600227E8E /* LaunchScreen.storyboard */ = {
			isa = PBXVariantGroup;
			children = (
				C2ABCCD1282629F600227E8E /* Base */,
			);
			name = LaunchScreen.storyboard;
			sourceTree = "<group>";
		};
/* End PBXVariantGroup section */

/* Begin XCBuildConfiguration section */
		C2ABCCD4282629F600227E8E /* Debug */ = {
			isa = XCBuildConfiguration;
			buildSettings = {
				ALWAYS_SEARCH_USER_PATHS = NO;
				CLANG_ANALYZER_NONNULL = YES;
				CLANG_ANALYZER_NUMBER_OBJECT_CONVERSION = YES_AGGRESSIVE;
				CLANG_CXX_LANGUAGE_STANDARD = "gnu++17";
				CLANG_ENABLE_MODULES = YES;
				CLANG_ENABLE_OBJC_ARC = YES;
				CLANG_ENABLE_OBJC_WEAK = YES;
				CLANG_WARN_BLOCK_CAPTURE_AUTORELEASING = YES;
				CLANG_WARN_BOOL_CONVERSION = YES;
				CLANG_WARN_COMMA = YES;
				CLANG_WARN_CONSTANT_CONVERSION = YES;
				CLANG_WARN_DEPRECATED_OBJC_IMPLEMENTATIONS = YES;
				CLANG_WARN_DIRECT_OBJC_ISA_USAGE = YES_ERROR;
				CLANG_WARN_DOCUMENTATION_COMMENTS = YES;
				CLANG_WARN_EMPTY_BODY = YES;
				CLANG_WARN_ENUM_CONVERSION = YES;
				CLANG_WARN_INFINITE_RECURSION = YES;
				CLANG_WARN_INT_CONVERSION = YES;
				CLANG_WARN_NON_LITERAL_NULL_CONVERSION = YES;
				CLANG_WARN_OBJC_IMPLICIT_RETAIN_SELF = YES;
				CLANG_WARN_OBJC_LITERAL_CONVERSION = YES;
				CLANG_WARN_OBJC_ROOT_CLASS = YES_ERROR;
				CLANG_WARN_QUOTED_INCLUDE_IN_FRAMEWORK_HEADER = YES;
				CLANG_WARN_RANGE_LOOP_ANALYSIS = YES;
				CLANG_WARN_STRICT_PROTOTYPES = YES;
				CLANG_WARN_SUSPICIOUS_MOVE = YES;
				CLANG_WARN_UNGUARDED_AVAILABILITY = YES_AGGRESSIVE;
				CLANG_WARN_UNREACHABLE_CODE = YES;
				CLANG_WARN__DUPLICATE_METHOD_MATCH = YES;
				COPY_PHASE_STRIP = NO;
				DEBUG_INFORMATION_FORMAT = dwarf;
				ENABLE_STRICT_OBJC_MSGSEND = YES;
				ENABLE_TESTABILITY = YES;
				GCC_C_LANGUAGE_STANDARD = gnu11;
				GCC_DYNAMIC_NO_PIC = NO;
				GCC_NO_COMMON_BLOCKS = YES;
				GCC_OPTIMIZATION_LEVEL = 0;
				GCC_PREPROCESSOR_DEFINITIONS = (
					"DEBUG=1",
					"$(inherited)",
				);
				GCC_WARN_64_TO_32_BIT_CONVERSION = YES;
				GCC_WARN_ABOUT_RETURN_TYPE = YES_ERROR;
				GCC_WARN_UNDECLARED_SELECTOR = YES;
				GCC_WARN_UNINITIALIZED_AUTOS = YES_AGGRESSIVE;
				GCC_WARN_UNUSED_FUNCTION = YES;
				GCC_WARN_UNUSED_VARIABLE = YES;
				IPHONEOS_DEPLOYMENT_TARGET = 15.4;
				MTL_ENABLE_DEBUG_INFO = INCLUDE_SOURCE;
				MTL_FAST_MATH = YES;
				ONLY_ACTIVE_ARCH = YES;
				SDKROOT = iphoneos;
				SWIFT_ACTIVE_COMPILATION_CONDITIONS = DEBUG;
				SWIFT_OPTIMIZATION_LEVEL = "-Onone";
			};
			name = Debug;
		};
		C2ABCCD5282629F600227E8E /* Release */ = {
			isa = XCBuildConfiguration;
			buildSettings = {
				ALWAYS_SEARCH_USER_PATHS = NO;
				CLANG_ANALYZER_NONNULL = YES;
				CLANG_ANALYZER_NUMBER_OBJECT_CONVERSION = YES_AGGRESSIVE;
				CLANG_CXX_LANGUAGE_STANDARD = "gnu++17";
				CLANG_ENABLE_MODULES = YES;
				CLANG_ENABLE_OBJC_ARC = YES;
				CLANG_ENABLE_OBJC_WEAK = YES;
				CLANG_WARN_BLOCK_CAPTURE_AUTORELEASING = YES;
				CLANG_WARN_BOOL_CONVERSION = YES;
				CLANG_WARN_COMMA = YES;
				CLANG_WARN_CONSTANT_CONVERSION = YES;
				CLANG_WARN_DEPRECATED_OBJC_IMPLEMENTATIONS = YES;
				CLANG_WARN_DIRECT_OBJC_ISA_USAGE = YES_ERROR;
				CLANG_WARN_DOCUMENTATION_COMMENTS = YES;
				CLANG_WARN_EMPTY_BODY = YES;
				CLANG_WARN_ENUM_CONVERSION = YES;
				CLANG_WARN_INFINITE_RECURSION = YES;
				CLANG_WARN_INT_CONVERSION = YES;
				CLANG_WARN_NON_LITERAL_NULL_CONVERSION = YES;
				CLANG_WARN_OBJC_IMPLICIT_RETAIN_SELF = YES;
				CLANG_WARN_OBJC_LITERAL_CONVERSION = YES;
				CLANG_WARN_OBJC_ROOT_CLASS = YES_ERROR;
				CLANG_WARN_QUOTED_INCLUDE_IN_FRAMEWORK_HEADER = YES;
				CLANG_WARN_RANGE_LOOP_ANALYSIS = YES;
				CLANG_WARN_STRICT_PROTOTYPES = YES;
				CLANG_WARN_SUSPICIOUS_MOVE = YES;
				CLANG_WARN_UNGUARDED_AVAILABILITY = YES_AGGRESSIVE;
				CLANG_WARN_UNREACHABLE_CODE = YES;
				CLANG_WARN__DUPLICATE_METHOD_MATCH = YES;
				COPY_PHASE_STRIP = NO;
				DEBUG_INFORMATION_FORMAT = "dwarf-with-dsym";
				ENABLE_NS_ASSERTIONS = NO;
				ENABLE_STRICT_OBJC_MSGSEND = YES;
				GCC_C_LANGUAGE_STANDARD = gnu11;
				GCC_NO_COMMON_BLOCKS = YES;
				GCC_WARN_64_TO_32_BIT_CONVERSION = YES;
				GCC_WARN_ABOUT_RETURN_TYPE = YES_ERROR;
				GCC_WARN_UNDECLARED_SELECTOR = YES;
				GCC_WARN_UNINITIALIZED_AUTOS = YES_AGGRESSIVE;
				GCC_WARN_UNUSED_FUNCTION = YES;
				GCC_WARN_UNUSED_VARIABLE = YES;
				IPHONEOS_DEPLOYMENT_TARGET = 15.4;
				MTL_ENABLE_DEBUG_INFO = NO;
				MTL_FAST_MATH = YES;
				SDKROOT = iphoneos;
				SWIFT_COMPILATION_MODE = wholemodule;
				SWIFT_OPTIMIZATION_LEVEL = "-O";
				VALIDATE_PRODUCT = YES;
			};
			name = Release;
		};
		C2ABCCD7282629F600227E8E /* Debug */ = {
			isa = XCBuildConfiguration;
			buildSettings = {
				ASSETCATALOG_COMPILER_APPICON_NAME = AppIcon;
				ASSETCATALOG_COMPILER_GLOBAL_ACCENT_COLOR_NAME = AccentColor;
				CODE_SIGN_STYLE = Automatic;
				CURRENT_PROJECT_VERSION = 1;
				DEVELOPMENT_TEAM = CS8RNK8DP4;
				GENERATE_INFOPLIST_FILE = YES;
				INFOPLIST_FILE = Test1/Info.plist;
				INFOPLIST_KEY_CFBundleDisplayName = Twitter;
				INFOPLIST_KEY_NSCameraUsageDescription = kameratu;
				INFOPLIST_KEY_NSMicrophoneUsageDescription = micro;
				INFOPLIST_KEY_NSPhotoLibraryUsageDescription = tukaimasu;
				INFOPLIST_KEY_UIApplicationSupportsIndirectInputEvents = YES;
				INFOPLIST_KEY_UILaunchStoryboardName = LaunchScreen;
				INFOPLIST_KEY_UIMainStoryboardFile = Main;
				INFOPLIST_KEY_UISupportedInterfaceOrientations = UIInterfaceOrientationPortrait;
				INFOPLIST_KEY_UISupportedInterfaceOrientations_iPad = "UIInterfaceOrientationPortrait UIInterfaceOrientationPortraitUpsideDown UIInterfaceOrientationLandscapeLeft UIInterfaceOrientationLandscapeRight";
				INFOPLIST_KEY_UISupportedInterfaceOrientations_iPhone = "UIInterfaceOrientationPortrait UIInterfaceOrientationLandscapeLeft UIInterfaceOrientationLandscapeRight";
				LD_RUNPATH_SEARCH_PATHS = (
					"$(inherited)",
					"@executable_path/Frameworks",
				);
				MARKETING_VERSION = 1.0;
				PRODUCT_BUNDLE_IDENTIFIER = com.rikutotomizukaudemy.Test1;
				PRODUCT_NAME = "$(TARGET_NAME)";
				SWIFT_EMIT_LOC_STRINGS = YES;
				SWIFT_VERSION = 5.0;
				TARGETED_DEVICE_FAMILY = 1;
			};
			name = Debug;
		};
		C2ABCCD8282629F600227E8E /* Release */ = {
			isa = XCBuildConfiguration;
			buildSettings = {
				ASSETCATALOG_COMPILER_APPICON_NAME = AppIcon;
				ASSETCATALOG_COMPILER_GLOBAL_ACCENT_COLOR_NAME = AccentColor;
				CODE_SIGN_STYLE = Automatic;
				CURRENT_PROJECT_VERSION = 1;
				DEVELOPMENT_TEAM = CS8RNK8DP4;
				GENERATE_INFOPLIST_FILE = YES;
				INFOPLIST_FILE = Test1/Info.plist;
				INFOPLIST_KEY_CFBundleDisplayName = Twitter;
				INFOPLIST_KEY_NSCameraUsageDescription = kameratu;
				INFOPLIST_KEY_NSMicrophoneUsageDescription = micro;
				INFOPLIST_KEY_NSPhotoLibraryUsageDescription = tukaimasu;
				INFOPLIST_KEY_UIApplicationSupportsIndirectInputEvents = YES;
				INFOPLIST_KEY_UILaunchStoryboardName = LaunchScreen;
				INFOPLIST_KEY_UIMainStoryboardFile = Main;
				INFOPLIST_KEY_UISupportedInterfaceOrientations = UIInterfaceOrientationPortrait;
				INFOPLIST_KEY_UISupportedInterfaceOrientations_iPad = "UIInterfaceOrientationPortrait UIInterfaceOrientationPortraitUpsideDown UIInterfaceOrientationLandscapeLeft UIInterfaceOrientationLandscapeRight";
				INFOPLIST_KEY_UISupportedInterfaceOrientations_iPhone = "UIInterfaceOrientationPortrait UIInterfaceOrientationLandscapeLeft UIInterfaceOrientationLandscapeRight";
				LD_RUNPATH_SEARCH_PATHS = (
					"$(inherited)",
					"@executable_path/Frameworks",
				);
				MARKETING_VERSION = 1.0;
				PRODUCT_BUNDLE_IDENTIFIER = com.rikutotomizukaudemy.Test1;
				PRODUCT_NAME = "$(TARGET_NAME)";
				SWIFT_EMIT_LOC_STRINGS = YES;
				SWIFT_VERSION = 5.0;
				TARGETED_DEVICE_FAMILY = 1;
			};
			name = Release;
		};
/* End XCBuildConfiguration section */

/* Begin XCConfigurationList section */
		C2ABCCBD282629F600227E8E /* Build configuration list for PBXProject "Test1" */ = {
			isa = XCConfigurationList;
			buildConfigurations = (
				C2ABCCD4282629F600227E8E /* Debug */,
				C2ABCCD5282629F600227E8E /* Release */,
			);
			defaultConfigurationIsVisible = 0;
			defaultConfigurationName = Release;
		};
		C2ABCCD6282629F600227E8E /* Build configuration list for PBXNativeTarget "Test1" */ = {
			isa = XCConfigurationList;
			buildConfigurations = (
				C2ABCCD7282629F600227E8E /* Debug */,
				C2ABCCD8282629F600227E8E /* Release */,
			);
			defaultConfigurationIsVisible = 0;
			defaultConfigurationName = Release;
		};
/* End XCConfigurationList section */
	};
	rootObject = C2ABCCBA282629F600227E8E /* Project object */;
}
